
Microsoft Visual Studio Solution File, Format Version 12.00
Project("{2150E333-8FDC-42A3-9474-1A3956D46DE8}") = "src", "src", "{491AF609-319E-46AA-80DD-EC67D6861519}"
EndProject
Project("{2150E333-8FDC-42A3-9474-1A3956D46DE8}") = "Services", "Services", "{17B929D2-A2AB-42F5-8C7E-ACFCB1381595}"
EndProject
Project("{2150E333-8FDC-42A3-9474-1A3956D46DE8}") = "Product", "Product", "{CB077B4A-401E-4613-A6EE-72CB4DB95072}"
EndProject
Project("{2150E333-8FDC-42A3-9474-1A3956D46DE8}") = "Basket", "Basket", "{8BC6E3A5-8FBE-44BF-A359-8322C57F580F}"
EndProject
Project("{FAE04EC0-301F-11D3-BF4B-00C04F79EFBC}") = "ECommerce.ProductService.Infrastructure", "src\Services\ProductService\ECommerce.ProductService.Infrastructure\ECommerce.ProductService.Infrastructure.csproj", "{29E7F182-4B05-4158-9AA6-16933042414A}"
EndProject
Project("{FAE04EC0-301F-11D3-BF4B-00C04F79EFBC}") = "ECommerce.ProductService.Core", "src\Services\ProductService\ECommerce.ProductService.Core\ECommerce.ProductService.Core.csproj", "{DF88D9E8-85F0-45CB-BDDB-C2BD9FD625FC}"
EndProject
Project("{FAE04EC0-301F-11D3-BF4B-00C04F79EFBC}") = "ECommerce.ProductService.API", "src\Services\ProductService\ECommerce.ProductService.API\ECommerce.ProductService.API.csproj", "{106787CB-0BFF-46C3-AE19-220A79F74A6D}"
EndProject
Project("{2150E333-8FDC-42A3-9474-1A3956D46DE8}") = "Solution Items", "Solution Items", "{102E7028-F277-4749-8052-97DCD32D9F24}"
	ProjectSection(SolutionItems) = preProject
		docker-compose.yml = docker-compose.yml
	EndProjectSection
EndProject
Project("{FAE04EC0-301F-11D3-BF4B-00C04F79EFBC}") = "ECommerce.BasketService.Core", "src\Services\Basket\ECommerce.BasketService.Core\ECommerce.BasketService.Core.csproj", "{EDB0A802-2C7B-4A07-A85E-0AE1D5263BDE}"
EndProject
Project("{FAE04EC0-301F-11D3-BF4B-00C04F79EFBC}") = "ECommerce.BasketService.Infrastructure", "src\Services\Basket\ECommerce.BasketService.Infrastructure\ECommerce.BasketService.Infrastructure.csproj", "{18E04BB6-D6CB-449E-99A1-7BE4B00D8194}"
EndProject
Project("{FAE04EC0-301F-11D3-BF4B-00C04F79EFBC}") = "ECommerce.BasketService.API", "src\Services\Basket\ECommerce.BasketService.API\ECommerce.BasketService.API.csproj", "{7EDBAB0F-8338-44FF-87B5-FEFA1B2E690C}"
EndProject
Global
	GlobalSection(SolutionConfigurationPlatforms) = preSolution
		Debug|Any CPU = Debug|Any CPU
		Release|Any CPU = Release|Any CPU
	EndGlobalSection
	GlobalSection(NestedProjects) = preSolution
		{17B929D2-A2AB-42F5-8C7E-ACFCB1381595} = {491AF609-319E-46AA-80DD-EC67D6861519}
		{CB077B4A-401E-4613-A6EE-72CB4DB95072} = {17B929D2-A2AB-42F5-8C7E-ACFCB1381595}
		{8BC6E3A5-8FBE-44BF-A359-8322C57F580F} = {17B929D2-A2AB-42F5-8C7E-ACFCB1381595}
		{29E7F182-4B05-4158-9AA6-16933042414A} = {CB077B4A-401E-4613-A6EE-72CB4DB95072}
		{DF88D9E8-85F0-45CB-BDDB-C2BD9FD625FC} = {CB077B4A-401E-4613-A6EE-72CB4DB95072}
		{106787CB-0BFF-46C3-AE19-220A79F74A6D} = {CB077B4A-401E-4613-A6EE-72CB4DB95072}
		{EDB0A802-2C7B-4A07-A85E-0AE1D5263BDE} = {8BC6E3A5-8FBE-44BF-A359-8322C57F580F}
		{18E04BB6-D6CB-449E-99A1-7BE4B00D8194} = {8BC6E3A5-8FBE-44BF-A359-8322C57F580F}
		{7EDBAB0F-8338-44FF-87B5-FEFA1B2E690C} = {8BC6E3A5-8FBE-44BF-A359-8322C57F580F}
	EndGlobalSection
	GlobalSection(ProjectConfigurationPlatforms) = postSolution
		{29E7F182-4B05-4158-9AA6-16933042414A}.Debug|Any CPU.ActiveCfg = Debug|Any CPU
		{29E7F182-4B05-4158-9AA6-16933042414A}.Debug|Any CPU.Build.0 = Debug|Any CPU
		{29E7F182-4B05-4158-9AA6-16933042414A}.Release|Any CPU.ActiveCfg = Release|Any CPU
		{29E7F182-4B05-4158-9AA6-16933042414A}.Release|Any CPU.Build.0 = Release|Any CPU
		{DF88D9E8-85F0-45CB-BDDB-C2BD9FD625FC}.Debug|Any CPU.ActiveCfg = Debug|Any CPU
		{DF88D9E8-85F0-45CB-BDDB-C2BD9FD625FC}.Debug|Any CPU.Build.0 = Debug|Any CPU
		{DF88D9E8-85F0-45CB-BDDB-C2BD9FD625FC}.Release|Any CPU.ActiveCfg = Release|Any CPU
		{DF88D9E8-85F0-45CB-BDDB-C2BD9FD625FC}.Release|Any CPU.Build.0 = Release|Any CPU
		{106787CB-0BFF-46C3-AE19-220A79F74A6D}.Debug|Any CPU.ActiveCfg = Debug|Any CPU
		{106787CB-0BFF-46C3-AE19-220A79F74A6D}.Debug|Any CPU.Build.0 = Debug|Any CPU
		{106787CB-0BFF-46C3-AE19-220A79F74A6D}.Release|Any CPU.ActiveCfg = Release|Any CPU
		{106787CB-0BFF-46C3-AE19-220A79F74A6D}.Release|Any CPU.Build.0 = Release|Any CPU
		{EDB0A802-2C7B-4A07-A85E-0AE1D5263BDE}.Debug|Any CPU.ActiveCfg = Debug|Any CPU
		{EDB0A802-2C7B-4A07-A85E-0AE1D5263BDE}.Debug|Any CPU.Build.0 = Debug|Any CPU
		{EDB0A802-2C7B-4A07-A85E-0AE1D5263BDE}.Release|Any CPU.ActiveCfg = Release|Any CPU
		{EDB0A802-2C7B-4A07-A85E-0AE1D5263BDE}.Release|Any CPU.Build.0 = Release|Any CPU
		{18E04BB6-D6CB-449E-99A1-7BE4B00D8194}.Debug|Any CPU.ActiveCfg = Debug|Any CPU
		{18E04BB6-D6CB-449E-99A1-7BE4B00D8194}.Debug|Any CPU.Build.0 = Debug|Any CPU
		{18E04BB6-D6CB-449E-99A1-7BE4B00D8194}.Release|Any CPU.ActiveCfg = Release|Any CPU
		{18E04BB6-D6CB-449E-99A1-7BE4B00D8194}.Release|Any CPU.Build.0 = Release|Any CPU
		{7EDBAB0F-8338-44FF-87B5-FEFA1B2E690C}.Debug|Any CPU.ActiveCfg = Debug|Any CPU
		{7EDBAB0F-8338-44FF-87B5-FEFA1B2E690C}.Debug|Any CPU.Build.0 = Debug|Any CPU
		{7EDBAB0F-8338-44FF-87B5-FEFA1B2E690C}.Release|Any CPU.ActiveCfg = Release|Any CPU
		{7EDBAB0F-8338-44FF-87B5-FEFA1B2E690C}.Release|Any CPU.Build.0 = Release|Any CPU
	EndGlobalSection
EndGlobal
